
Microsoft Visual Studio Solution File, Format Version 12.00
# Visual Studio Version 17
VisualStudioVersion = 17.3.32611.2
MinimumVisualStudioVersion = 10.0.40219.1
Project("{FAE04EC0-301F-11D3-BF4B-00C04F79EFBC}") = "EventDrivenExample", "EventDrivenExample\EventDrivenExample.csproj", "{6E7D61DA-4D5B-4CA7-BC2D-41892D432582}"
EndProject
Global
	GlobalSection(SolutionConfigurationPlatforms) = preSolution
		Debug|Any CPU = Debug|Any CPU
		Release|Any CPU = Release|Any CPU
	EndGlobalSection
	GlobalSection(ProjectConfigurationPlatforms) = postSolution
		{6E7D61DA-4D5B-4CA7-BC2D-41892D432582}.Debug|Any CPU.ActiveCfg = Debug|Any CPU
		{6E7D61DA-4D5B-4CA7-BC2D-41892D432582}.Debug|Any CPU.Build.0 = Debug|Any CPU
		{6E7D61DA-4D5B-4CA7-BC2D-41892D432582}.Release|Any CPU.ActiveCfg = Release|Any CPU
		{6E7D61DA-4D5B-4CA7-BC2D-41892D432582}.Release|Any CPU.Build.0 = Release|Any CPU
	EndGlobalSection
	GlobalSection(SolutionProperties) = preSolution
		HideSolutionNode = FALSE
	EndGlobalSection
	GlobalSection(ExtensibilityGlobals) = postSolution
		SolutionGuid = {A2B335DE-246D-4BA4-8F65-00BC04F71364}
	EndGlobalSection
EndGlobal
